
Microsoft Visual Studio Solution File, Format Version 12.00
# Visual Studio Version 16
VisualStudioVersion = 16.0.31205.134
MinimumVisualStudioVersion = 10.0.40219.1
Project("{FAE04EC0-301F-11D3-BF4B-00C04F79EFBC}") = "ToDoList.Domain", "ToDoList.Domain\ToDoList.Domain.csproj", "{154BCE30-4B6D-48E0-A0E1-3CDBBA21E0D9}"
EndProject
Project("{FAE04EC0-301F-11D3-BF4B-00C04F79EFBC}") = "ToDoList.Infra", "ToDoList.Data\ToDoList.Infra.csproj", "{B8472EBD-A28E-485E-B868-8C9EEB044499}"
EndProject
Project("{FAE04EC0-301F-11D3-BF4B-00C04F79EFBC}") = "ToDoList.Api", "ToDoList.Api\ToDoList.Api.csproj", "{ECE8010D-565A-462B-9D9D-7DA7E964ED87}"
EndProject
Project("{FAE04EC0-301F-11D3-BF4B-00C04F79EFBC}") = "ToDoList.AppService", "ToDoList.AppService\ToDoList.AppService.csproj", "{CA421037-9A0A-4F91-8912-A5F43477CCC1}"
EndProject
Global
	GlobalSection(SolutionConfigurationPlatforms) = preSolution
		Debug|Any CPU = Debug|Any CPU
		Release|Any CPU = Release|Any CPU
	EndGlobalSection
	GlobalSection(ProjectConfigurationPlatforms) = postSolution
		{154BCE30-4B6D-48E0-A0E1-3CDBBA21E0D9}.Debug|Any CPU.ActiveCfg = Debug|Any CPU
		{154BCE30-4B6D-48E0-A0E1-3CDBBA21E0D9}.Debug|Any CPU.Build.0 = Debug|Any CPU
		{154BCE30-4B6D-48E0-A0E1-3CDBBA21E0D9}.Release|Any CPU.ActiveCfg = Release|Any CPU
		{154BCE30-4B6D-48E0-A0E1-3CDBBA21E0D9}.Release|Any CPU.Build.0 = Release|Any CPU
		{B8472EBD-A28E-485E-B868-8C9EEB044499}.Debug|Any CPU.ActiveCfg = Debug|Any CPU
		{B8472EBD-A28E-485E-B868-8C9EEB044499}.Debug|Any CPU.Build.0 = Debug|Any CPU
		{B8472EBD-A28E-485E-B868-8C9EEB044499}.Release|Any CPU.ActiveCfg = Release|Any CPU
		{B8472EBD-A28E-485E-B868-8C9EEB044499}.Release|Any CPU.Build.0 = Release|Any CPU
		{ECE8010D-565A-462B-9D9D-7DA7E964ED87}.Debug|Any CPU.ActiveCfg = Debug|Any CPU
		{ECE8010D-565A-462B-9D9D-7DA7E964ED87}.Debug|Any CPU.Build.0 = Debug|Any CPU
		{ECE8010D-565A-462B-9D9D-7DA7E964ED87}.Release|Any CPU.ActiveCfg = Release|Any CPU
		{ECE8010D-565A-462B-9D9D-7DA7E964ED87}.Release|Any CPU.Build.0 = Release|Any CPU
		{CA421037-9A0A-4F91-8912-A5F43477CCC1}.Debug|Any CPU.ActiveCfg = Debug|Any CPU
		{CA421037-9A0A-4F91-8912-A5F43477CCC1}.Debug|Any CPU.Build.0 = Debug|Any CPU
		{CA421037-9A0A-4F91-8912-A5F43477CCC1}.Release|Any CPU.ActiveCfg = Release|Any CPU
		{CA421037-9A0A-4F91-8912-A5F43477CCC1}.Release|Any CPU.Build.0 = Release|Any CPU
	EndGlobalSection
	GlobalSection(SolutionProperties) = preSolution
		HideSolutionNode = FALSE
	EndGlobalSection
	GlobalSection(ExtensibilityGlobals) = postSolution
		SolutionGuid = {6FB8DAD0-4668-411A-B549-234D26171064}
	EndGlobalSection
EndGlobal
